
Microsoft Visual Studio Solution File, Format Version 12.00
# Visual Studio Version 17
VisualStudioVersion = 17.1.32228.430
MinimumVisualStudioVersion = 10.0.40219.1
Project("{FAE04EC0-301F-11D3-BF4B-00C04F79EFBC}") = "WPF_Fody_ValidationRules", "WPF_Fody\WPF_Fody_ValidationRules.csproj", "{2EB23906-C5BD-4361-AF6C-F2ED75C99624}"
EndProject
Project("{FAE04EC0-301F-11D3-BF4B-00C04F79EFBC}") = "Jed.Common", "Jed.Common\Jed.Common.csproj", "{C92E6E86-A061-422E-9AEB-8D6465093F86}"
EndProject
Project("{FAE04EC0-301F-11D3-BF4B-00C04F79EFBC}") = "WPF_Command", "WPF_Command\WPF_Command.csproj", "{6EFEAE3E-EC91-4BD2-B279-1400416F9639}"
EndProject
Project("{FAE04EC0-301F-11D3-BF4B-00C04F79EFBC}") = "WPF_DoubleAnmation", "WPF_DoubleAnmation\WPF_DoubleAnmation.csproj", "{C3FCA371-66BE-4DFC-BCCE-8BDE092F6999}"
EndProject
Project("{FAE04EC0-301F-11D3-BF4B-00C04F79EFBC}") = "WPF_PathAnimation", "WPF_PathAnimation\WPF_PathAnimation.csproj", "{79D9230B-80E0-441D-87F8-DB522ED2E9DE}"
EndProject
Project("{FAE04EC0-301F-11D3-BF4B-00C04F79EFBC}") = "WPF_From_To_By_KeyFrame", "WPF_From_To_By_KeyFrame\WPF_From_To_By_KeyFrame.csproj", "{44E98D23-26F0-4401-ABE6-62E32C1782E1}"
EndProject
Project("{FAE04EC0-301F-11D3-BF4B-00C04F79EFBC}") = "WPF_KeyFrame_Animation", "WPF_KeyFrame_Animation\WPF_KeyFrame_Animation.csproj", "{0CDA6FD1-D2C0-4658-8112-21D848F5D72D}"
EndProject
Project("{FAE04EC0-301F-11D3-BF4B-00C04F79EFBC}") = "WPF_Custom_Animation", "WPF_Custom_Animation\WPF_Custom_Animation.csproj", "{0166C371-0C93-437C-8E6F-87BDF2295E02}"
EndProject
Project("{FAE04EC0-301F-11D3-BF4B-00C04F79EFBC}") = "ThreadEventSample", "ThreadEventSample\ThreadEventSample.csproj", "{239E45FB-F325-4A00-A6B6-35553F4A93CE}"
EndProject
Project("{FAE04EC0-301F-11D3-BF4B-00C04F79EFBC}") = "ThreadEventNotPS", "ThreadEventNotPS\ThreadEventNotPS.csproj", "{FC38DD6D-F054-4391-AEAA-E5F36DA151D0}"
EndProject
Project("{FAE04EC0-301F-11D3-BF4B-00C04F79EFBC}") = "WPF_Async_SampleCode", "WPF_Async_SampleCode\WPF_Async_SampleCode.csproj", "{28C1CD51-F634-462E-9759-19B327B8452A}"
EndProject
Project("{FAE04EC0-301F-11D3-BF4B-00C04F79EFBC}") = "Console_AwaitAsync", "Console.AwaitAsync\Console_AwaitAsync.csproj", "{5A47B75D-2190-4B8C-B311-B0BA988311FE}"
EndProject
Global
	GlobalSection(SolutionConfigurationPlatforms) = preSolution
		Debug|Any CPU = Debug|Any CPU
		Release|Any CPU = Release|Any CPU
	EndGlobalSection
	GlobalSection(ProjectConfigurationPlatforms) = postSolution
		{2EB23906-C5BD-4361-AF6C-F2ED75C99624}.Debug|Any CPU.ActiveCfg = Debug|Any CPU
		{2EB23906-C5BD-4361-AF6C-F2ED75C99624}.Debug|Any CPU.Build.0 = Debug|Any CPU
		{2EB23906-C5BD-4361-AF6C-F2ED75C99624}.Release|Any CPU.ActiveCfg = Release|Any CPU
		{2EB23906-C5BD-4361-AF6C-F2ED75C99624}.Release|Any CPU.Build.0 = Release|Any CPU
		{C92E6E86-A061-422E-9AEB-8D6465093F86}.Debug|Any CPU.ActiveCfg = Debug|Any CPU
		{C92E6E86-A061-422E-9AEB-8D6465093F86}.Debug|Any CPU.Build.0 = Debug|Any CPU
		{C92E6E86-A061-422E-9AEB-8D6465093F86}.Release|Any CPU.ActiveCfg = Release|Any CPU
		{C92E6E86-A061-422E-9AEB-8D6465093F86}.Release|Any CPU.Build.0 = Release|Any CPU
		{6EFEAE3E-EC91-4BD2-B279-1400416F9639}.Debug|Any CPU.ActiveCfg = Debug|Any CPU
		{6EFEAE3E-EC91-4BD2-B279-1400416F9639}.Debug|Any CPU.Build.0 = Debug|Any CPU
		{6EFEAE3E-EC91-4BD2-B279-1400416F9639}.Release|Any CPU.ActiveCfg = Release|Any CPU
		{6EFEAE3E-EC91-4BD2-B279-1400416F9639}.Release|Any CPU.Build.0 = Release|Any CPU
		{C3FCA371-66BE-4DFC-BCCE-8BDE092F6999}.Debug|Any CPU.ActiveCfg = Debug|Any CPU
		{C3FCA371-66BE-4DFC-BCCE-8BDE092F6999}.Debug|Any CPU.Build.0 = Debug|Any CPU
		{C3FCA371-66BE-4DFC-BCCE-8BDE092F6999}.Release|Any CPU.ActiveCfg = Release|Any CPU
		{C3FCA371-66BE-4DFC-BCCE-8BDE092F6999}.Release|Any CPU.Build.0 = Release|Any CPU
		{79D9230B-80E0-441D-87F8-DB522ED2E9DE}.Debug|Any CPU.ActiveCfg = Debug|Any CPU
		{79D9230B-80E0-441D-87F8-DB522ED2E9DE}.Debug|Any CPU.Build.0 = Debug|Any CPU
		{79D9230B-80E0-441D-87F8-DB522ED2E9DE}.Release|Any CPU.ActiveCfg = Release|Any CPU
		{79D9230B-80E0-441D-87F8-DB522ED2E9DE}.Release|Any CPU.Build.0 = Release|Any CPU
		{44E98D23-26F0-4401-ABE6-62E32C1782E1}.Debug|Any CPU.ActiveCfg = Debug|Any CPU
		{44E98D23-26F0-4401-ABE6-62E32C1782E1}.Debug|Any CPU.Build.0 = Debug|Any CPU
		{44E98D23-26F0-4401-ABE6-62E32C1782E1}.Release|Any CPU.ActiveCfg = Release|Any CPU
		{44E98D23-26F0-4401-ABE6-62E32C1782E1}.Release|Any CPU.Build.0 = Release|Any CPU
		{0CDA6FD1-D2C0-4658-8112-21D848F5D72D}.Debug|Any CPU.ActiveCfg = Debug|Any CPU
		{0CDA6FD1-D2C0-4658-8112-21D848F5D72D}.Debug|Any CPU.Build.0 = Debug|Any CPU
		{0CDA6FD1-D2C0-4658-8112-21D848F5D72D}.Release|Any CPU.ActiveCfg = Release|Any CPU
		{0CDA6FD1-D2C0-4658-8112-21D848F5D72D}.Release|Any CPU.Build.0 = Release|Any CPU
		{0166C371-0C93-437C-8E6F-87BDF2295E02}.Debug|Any CPU.ActiveCfg = Debug|Any CPU
		{0166C371-0C93-437C-8E6F-87BDF2295E02}.Debug|Any CPU.Build.0 = Debug|Any CPU
		{0166C371-0C93-437C-8E6F-87BDF2295E02}.Release|Any CPU.ActiveCfg = Release|Any CPU
		{0166C371-0C93-437C-8E6F-87BDF2295E02}.Release|Any CPU.Build.0 = Release|Any CPU
		{239E45FB-F325-4A00-A6B6-35553F4A93CE}.Debug|Any CPU.ActiveCfg = Debug|Any CPU
		{239E45FB-F325-4A00-A6B6-35553F4A93CE}.Debug|Any CPU.Build.0 = Debug|Any CPU
		{239E45FB-F325-4A00-A6B6-35553F4A93CE}.Release|Any CPU.ActiveCfg = Release|Any CPU
		{239E45FB-F325-4A00-A6B6-35553F4A93CE}.Release|Any CPU.Build.0 = Release|Any CPU
		{FC38DD6D-F054-4391-AEAA-E5F36DA151D0}.Debug|Any CPU.ActiveCfg = Debug|Any CPU
		{FC38DD6D-F054-4391-AEAA-E5F36DA151D0}.Debug|Any CPU.Build.0 = Debug|Any CPU
		{FC38DD6D-F054-4391-AEAA-E5F36DA151D0}.Release|Any CPU.ActiveCfg = Release|Any CPU
		{FC38DD6D-F054-4391-AEAA-E5F36DA151D0}.Release|Any CPU.Build.0 = Release|Any CPU
		{28C1CD51-F634-462E-9759-19B327B8452A}.Debug|Any CPU.ActiveCfg = Debug|Any CPU
		{28C1CD51-F634-462E-9759-19B327B8452A}.Debug|Any CPU.Build.0 = Debug|Any CPU
		{28C1CD51-F634-462E-9759-19B327B8452A}.Release|Any CPU.ActiveCfg = Release|Any CPU
		{28C1CD51-F634-462E-9759-19B327B8452A}.Release|Any CPU.Build.0 = Release|Any CPU
		{5A47B75D-2190-4B8C-B311-B0BA988311FE}.Debug|Any CPU.ActiveCfg = Debug|Any CPU
		{5A47B75D-2190-4B8C-B311-B0BA988311FE}.Debug|Any CPU.Build.0 = Debug|Any CPU
		{5A47B75D-2190-4B8C-B311-B0BA988311FE}.Release|Any CPU.ActiveCfg = Release|Any CPU
		{5A47B75D-2190-4B8C-B311-B0BA988311FE}.Release|Any CPU.Build.0 = Release|Any CPU
	EndGlobalSection
	GlobalSection(SolutionProperties) = preSolution
		HideSolutionNode = FALSE
	EndGlobalSection
	GlobalSection(ExtensibilityGlobals) = postSolution
		SolutionGuid = {5D9CA2FA-2269-4D26-BC7D-41F127713B12}
	EndGlobalSection
EndGlobal
